// !$*UTF8*$!
{
	archiveVersion = 1;
	classes = {
	};
	objectVersion = 56;
	objects = {

/* Begin PBXBuildFile section */
		C196C5E02A5FD42000EBDAF0 /* TestApp.swift in Sources */ = {isa = PBXBuildFile; fileRef = C196C5DF2A5FD42000EBDAF0 /* TestApp.swift */; };
		C196C5E22A5FD42000EBDAF0 /* ContentView.swift in Sources */ = {isa = PBXBuildFile; fileRef = C196C5E12A5FD42000EBDAF0 /* ContentView.swift */; };
		C196C5E42A5FD42200EBDAF0 /* Assets.xcassets in Resources */ = {isa = PBXBuildFile; fileRef = C196C5E32A5FD42200EBDAF0 /* Assets.xcassets */; };
		C196C5E72A5FD42200EBDAF0 /* Preview Assets.xcassets in Resources */ = {isa = PBXBuildFile; fileRef = C196C5E62A5FD42200EBDAF0 /* Preview Assets.xcassets */; };
		C196C5F12A5FD42200EBDAF0 /* TestTests.swift in Sources */ = {isa = PBXBuildFile; fileRef = C196C5F02A5FD42200EBDAF0 /* TestTests.swift */; };
		C196C5FB2A5FD42200EBDAF0 /* TestUITests.swift in Sources */ = {isa = PBXBuildFile; fileRef = C196C5FA2A5FD42200EBDAF0 /* TestUITests.swift */; };
		C196C5FD2A5FD42200EBDAF0 /* TestUITestsLaunchTests.swift in Sources */ = {isa = PBXBuildFile; fileRef = C196C5FC2A5FD42200EBDAF0 /* TestUITestsLaunchTests.swift */; };
/* End PBXBuildFile section */

/* Begin PBXContainerItemProxy section */
		C196C5ED2A5FD42200EBDAF0 /* PBXContainerItemProxy */ = {
			isa = PBXContainerItemProxy;
			containerPortal = C196C5D42A5FD42000EBDAF0 /* Project object */;
			proxyType = 1;
			remoteGlobalIDString = C196C5DB2A5FD42000EBDAF0;
			remoteInfo = Test;
		};
		C196C5F72A5FD42200EBDAF0 /* PBXContainerItemProxy */ = {
			isa = PBXContainerItemProxy;
			containerPortal = C196C5D42A5FD42000EBDAF0 /* Project object */;
			proxyType = 1;
			remoteGlobalIDString = C196C5DB2A5FD42000EBDAF0;
			remoteInfo = Test;
		};
/* End PBXContainerItemProxy section */

/* Begin PBXFileReference section */
		C196C5DC2A5FD42000EBDAF0 /* Test.app */ = {isa = PBXFileReference; explicitFileType = wrapper.application; includeInIndex = 0; path = Test.app; sourceTree = BUILT_PRODUCTS_DIR; };
		C196C5DF2A5FD42000EBDAF0 /* TestApp.swift */ = {isa = PBXFileReference; lastKnownFileType = sourcecode.swift; path = TestApp.swift; sourceTree = "<group>"; };
		C196C5E12A5FD42000EBDAF0 /* ContentView.swift */ = {isa = PBXFileReference; lastKnownFileType = sourcecode.swift; path = ContentView.swift; sourceTree = "<group>"; };
		C196C5E32A5FD42200EBDAF0 /* Assets.xcassets */ = {isa = PBXFileReference; lastKnownFileType = folder.assetcatalog; path = Assets.xcassets; sourceTree = "<group>"; };
		C196C5E62A5FD42200EBDAF0 /* Preview Assets.xcassets */ = {isa = PBXFileReference; lastKnownFileType = folder.assetcatalog; path = "Preview Assets.xcassets"; sourceTree = "<group>"; };
		C196C5EC2A5FD42200EBDAF0 /* TestTests.xctest */ = {isa = PBXFileReference; explicitFileType = wrapper.cfbundle; includeInIndex = 0; path = TestTests.xctest; sourceTree = BUILT_PRODUCTS_DIR; };
		C196C5F02A5FD42200EBDAF0 /* TestTests.swift */ = {isa = PBXFileReference; lastKnownFileType = sourcecode.swift; path = TestTests.swift; sourceTree = "<group>"; };
		C196C5F62A5FD42200EBDAF0 /* TestUITests.xctest */ = {isa = PBXFileReference; explicitFileType = wrapper.cfbundle; includeInIndex = 0; path = TestUITests.xctest; sourceTree = BUILT_PRODUCTS_DIR; };
		C196C5FA2A5FD42200EBDAF0 /* TestUITests.swift */ = {isa = PBXFileReference; lastKnownFileType = sourcecode.swift; path = TestUITests.swift; sourceTree = "<group>"; };
		C196C5FC2A5FD42200EBDAF0 /* TestUITestsLaunchTests.swift */ = {isa = PBXFileReference; lastKnownFileType = sourcecode.swift; path = TestUITestsLaunchTests.swift; sourceTree = "<group>"; };
/* End PBXFileReference section */

/* Begin PBXFrameworksBuildPhase section */
		C196C5D92A5FD42000EBDAF0 /* Frameworks */ = {
			isa = PBXFrameworksBuildPhase;
			buildActionMask = 2147483647;
			files = (
			);
			runOnlyForDeploymentPostprocessing = 0;
		};
		C196C5E92A5FD42200EBDAF0 /* Frameworks */ = {
			isa = PBXFrameworksBuildPhase;
			buildActionMask = 2147483647;
			files = (
			);
			runOnlyForDeploymentPostprocessing = 0;
		};
		C196C5F32A5FD42200EBDAF0 /* Frameworks */ = {
			isa = PBXFrameworksBuildPhase;
			buildActionMask = 2147483647;
			files = (
			);
			runOnlyForDeploymentPostprocessing = 0;
		};
/* End PBXFrameworksBuildPhase section */

/* Begin PBXGroup section */
		C196C5D32A5FD42000EBDAF0 = {
			isa = PBXGroup;
			children = (
				C196C5DE2A5FD42000EBDAF0 /* Test */,
				C196C5EF2A5FD42200EBDAF0 /* TestTests */,
				C196C5F92A5FD42200EBDAF0 /* TestUITests */,
				C196C5DD2A5FD42000EBDAF0 /* Products */,
			);
			sourceTree = "<group>";
		};
		C196C5DD2A5FD42000EBDAF0 /* Products */ = {
			isa = PBXGroup;
			children = (
				C196C5DC2A5FD42000EBDAF0 /* Test.app */,
				C196C5EC2A5FD42200EBDAF0 /* TestTests.xctest */,
				C196C5F62A5FD42200EBDAF0 /* TestUITests.xctest */,
			);
			name = Products;
			sourceTree = "<group>";
		};
		C196C5DE2A5FD42000EBDAF0 /* Test */ = {
			isa = PBXGroup;
			children = (
				C196C5DF2A5FD42000EBDAF0 /* TestApp.swift */,
				C196C5E12A5FD42000EBDAF0 /* ContentView.swift */,
				C196C5E32A5FD42200EBDAF0 /* Assets.xcassets */,
				C196C5E52A5FD42200EBDAF0 /* Preview Content */,
			);
			path = Test;
			sourceTree = "<group>";
		};
		C196C5E52A5FD42200EBDAF0 /* Preview Content */ = {
			isa = PBXGroup;
			children = (
				C196C5E62A5FD42200EBDAF0 /* Preview Assets.xcassets */,
			);
			path = "Preview Content";
			sourceTree = "<group>";
		};
		C196C5EF2A5FD42200EBDAF0 /* TestTests */ = {
			isa = PBXGroup;
			children = (
				C196C5F02A5FD42200EBDAF0 /* TestTests.swift */,
			);
			path = TestTests;
			sourceTree = "<group>";
		};
		C196C5F92A5FD42200EBDAF0 /* TestUITests */ = {
			isa = PBXGroup;
			children = (
				C196C5FA2A5FD42200EBDAF0 /* TestUITests.swift */,
				C196C5FC2A5FD42200EBDAF0 /* TestUITestsLaunchTests.swift */,
			);
			path = TestUITests;
			sourceTree = "<group>";
		};
/* End PBXGroup section */

/* Begin PBXNativeTarget section */
		C196C5DB2A5FD42000EBDAF0 /* Test */ = {
			isa = PBXNativeTarget;
			buildConfigurationList = C196C6002A5FD42200EBDAF0 /* Build configuration list for PBXNativeTarget "Test" */;
			buildPhases = (
				C196C5D82A5FD42000EBDAF0 /* Sources */,
				C196C5D92A5FD42000EBDAF0 /* Frameworks */,
				C196C5DA2A5FD42000EBDAF0 /* Resources */,
			);
			buildRules = (
			);
			dependencies = (
			);
			name = Test;
			productName = Test;
			productReference = C196C5DC2A5FD42000EBDAF0 /* Test.app */;
			productType = "com.apple.product-type.application";
		};
		C196C5EB2A5FD42200EBDAF0 /* TestTests */ = {
			isa = PBXNativeTarget;
			buildConfigurationList = C196C6032A5FD42200EBDAF0 /* Build configuration list for PBXNativeTarget "TestTests" */;
			buildPhases = (
				C196C5E82A5FD42200EBDAF0 /* Sources */,
				C196C5E92A5FD42200EBDAF0 /* Frameworks */,
				C196C5EA2A5FD42200EBDAF0 /* Resources */,
			);
			buildRules = (
			);
			dependencies = (
				C196C5EE2A5FD42200EBDAF0 /* PBXTargetDependency */,
			);
			name = TestTests;
			productName = TestTests;
			productReference = C196C5EC2A5FD42200EBDAF0 /* TestTests.xctest */;
			productType = "com.apple.product-type.bundle.unit-test";
		};
		C196C5F52A5FD42200EBDAF0 /* TestUITests */ = {
			isa = PBXNativeTarget;
			buildConfigurationList = C196C6062A5FD42200EBDAF0 /* Build configuration list for PBXNativeTarget "TestUITests" */;
			buildPhases = (
				C196C5F22A5FD42200EBDAF0 /* Sources */,
				C196C5F32A5FD42200EBDAF0 /* Frameworks */,
				C196C5F42A5FD42200EBDAF0 /* Resources */,
			);
			buildRules = (
			);
			dependencies = (
				C196C5F82A5FD42200EBDAF0 /* PBXTargetDependency */,
			);
			name = TestUITests;
			productName = TestUITests;
			productReference = C196C5F62A5FD42200EBDAF0 /* TestUITests.xctest */;
			productType = "com.apple.product-type.bundle.ui-testing";
		};
/* End PBXNativeTarget section */

/* Begin PBXProject section */
		C196C5D42A5FD42000EBDAF0 /* Project object */ = {
			isa = PBXProject;
			attributes = {
				BuildIndependentTargetsInParallel = 1;
				LastSwiftUpdateCheck = 1430;
				LastUpgradeCheck = 1430;
				TargetAttributes = {
					C196C5DB2A5FD42000EBDAF0 = {
						CreatedOnToolsVersion = 14.3.1;
					};
					C196C5EB2A5FD42200EBDAF0 = {
						CreatedOnToolsVersion = 14.3.1;
						TestTargetID = C196C5DB2A5FD42000EBDAF0;
					};
					C196C5F52A5FD42200EBDAF0 = {
						CreatedOnToolsVersion = 14.3.1;
						TestTargetID = C196C5DB2A5FD42000EBDAF0;
					};
				};
			};
			buildConfigurationList = C196C5D72A5FD42000EBDAF0 /* Build configuration list for PBXProject "MC3-Nyla" */;
			compatibilityVersion = "Xcode 14.0";
			developmentRegion = en;
			hasScannedForEncodings = 0;
			knownRegions = (
				en,
				Base,
			);
			mainGroup = C196C5D32A5FD42000EBDAF0;
			productRefGroup = C196C5DD2A5FD42000EBDAF0 /* Products */;
			projectDirPath = "";
			projectRoot = "";
			targets = (
				C196C5DB2A5FD42000EBDAF0 /* Test */,
				C196C5EB2A5FD42200EBDAF0 /* TestTests */,
				C196C5F52A5FD42200EBDAF0 /* TestUITests */,
			);
		};
/* End PBXProject section */

/* Begin PBXResourcesBuildPhase section */
		C196C5DA2A5FD42000EBDAF0 /* Resources */ = {
			isa = PBXResourcesBuildPhase;
			buildActionMask = 2147483647;
			files = (
				C196C5E72A5FD42200EBDAF0 /* Preview Assets.xcassets in Resources */,
				C196C5E42A5FD42200EBDAF0 /* Assets.xcassets in Resources */,
			);
			runOnlyForDeploymentPostprocessing = 0;
		};
		C196C5EA2A5FD42200EBDAF0 /* Resources */ = {
			isa = PBXResourcesBuildPhase;
			buildActionMask = 2147483647;
			files = (
			);
			runOnlyForDeploymentPostprocessing = 0;
		};
		C196C5F42A5FD42200EBDAF0 /* Resources */ = {
			isa = PBXResourcesBuildPhase;
			buildActionMask = 2147483647;
			files = (
			);
			runOnlyForDeploymentPostprocessing = 0;
		};
/* End PBXResourcesBuildPhase section */

/* Begin PBXSourcesBuildPhase section */
		C196C5D82A5FD42000EBDAF0 /* Sources */ = {
			isa = PBXSourcesBuildPhase;
			buildActionMask = 2147483647;
			files = (
				C196C5E22A5FD42000EBDAF0 /* ContentView.swift in Sources */,
				C196C5E02A5FD42000EBDAF0 /* TestApp.swift in Sources */,
			);
			runOnlyForDeploymentPostprocessing = 0;
		};
		C196C5E82A5FD42200EBDAF0 /* Sources */ = {
			isa = PBXSourcesBuildPhase;
			buildActionMask = 2147483647;
			files = (
				C196C5F12A5FD42200EBDAF0 /* TestTests.swift in Sources */,
			);
			runOnlyForDeploymentPostprocessing = 0;
		};
		C196C5F22A5FD42200EBDAF0 /* Sources */ = {
			isa = PBXSourcesBuildPhase;
			buildActionMask = 2147483647;
			files = (
				C196C5FD2A5FD42200EBDAF0 /* TestUITestsLaunchTests.swift in Sources */,
				C196C5FB2A5FD42200EBDAF0 /* TestUITests.swift in Sources */,
			);
			runOnlyForDeploymentPostprocessing = 0;
		};
/* End PBXSourcesBuildPhase section */

/* Begin PBXTargetDependency section */
		C196C5EE2A5FD42200EBDAF0 /* PBXTargetDependency */ = {
			isa = PBXTargetDependency;
			target = C196C5DB2A5FD42000EBDAF0 /* Test */;
			targetProxy = C196C5ED2A5FD42200EBDAF0 /* PBXContainerItemProxy */;
		};
		C196C5F82A5FD42200EBDAF0 /* PBXTargetDependency */ = {
			isa = PBXTargetDependency;
			target = C196C5DB2A5FD42000EBDAF0 /* Test */;
			targetProxy = C196C5F72A5FD42200EBDAF0 /* PBXContainerItemProxy */;
		};
/* End PBXTargetDependency section */

/* Begin XCBuildConfiguration section */
		C196C5FE2A5FD42200EBDAF0 /* Debug */ = {
			isa = XCBuildConfiguration;
			buildSettings = {
				ALWAYS_SEARCH_USER_PATHS = NO;
				CLANG_ANALYZER_NONNULL = YES;
				CLANG_ANALYZER_NUMBER_OBJECT_CONVERSION = YES_AGGRESSIVE;
				CLANG_CXX_LANGUAGE_STANDARD = "gnu++20";
				CLANG_ENABLE_MODULES = YES;
				CLANG_ENABLE_OBJC_ARC = YES;
				CLANG_ENABLE_OBJC_WEAK = YES;
				CLANG_WARN_BLOCK_CAPTURE_AUTORELEASING = YES;
				CLANG_WARN_BOOL_CONVERSION = YES;
				CLANG_WARN_COMMA = YES;
				CLANG_WARN_CONSTANT_CONVERSION = YES;
				CLANG_WARN_DEPRECATED_OBJC_IMPLEMENTATIONS = YES;
				CLANG_WARN_DIRECT_OBJC_ISA_USAGE = YES_ERROR;
				CLANG_WARN_DOCUMENTATION_COMMENTS = YES;
				CLANG_WARN_EMPTY_BODY = YES;
				CLANG_WARN_ENUM_CONVERSION = YES;
				CLANG_WARN_INFINITE_RECURSION = YES;
				CLANG_WARN_INT_CONVERSION = YES;
				CLANG_WARN_NON_LITERAL_NULL_CONVERSION = YES;
				CLANG_WARN_OBJC_IMPLICIT_RETAIN_SELF = YES;
				CLANG_WARN_OBJC_LITERAL_CONVERSION = YES;
				CLANG_WARN_OBJC_ROOT_CLASS = YES_ERROR;
				CLANG_WARN_QUOTED_INCLUDE_IN_FRAMEWORK_HEADER = YES;
				CLANG_WARN_RANGE_LOOP_ANALYSIS = YES;
				CLANG_WARN_STRICT_PROTOTYPES = YES;
				CLANG_WARN_SUSPICIOUS_MOVE = YES;
				CLANG_WARN_UNGUARDED_AVAILABILITY = YES_AGGRESSIVE;
				CLANG_WARN_UNREACHABLE_CODE = YES;
				CLANG_WARN__DUPLICATE_METHOD_MATCH = YES;
				COPY_PHASE_STRIP = NO;
				DEBUG_INFORMATION_FORMAT = dwarf;
				ENABLE_STRICT_OBJC_MSGSEND = YES;
				ENABLE_TESTABILITY = YES;
				GCC_C_LANGUAGE_STANDARD = gnu11;
				GCC_DYNAMIC_NO_PIC = NO;
				GCC_NO_COMMON_BLOCKS = YES;
				GCC_OPTIMIZATION_LEVEL = 0;
				GCC_PREPROCESSOR_DEFINITIONS = (
					"DEBUG=1",
					"$(inherited)",
				);
				GCC_WARN_64_TO_32_BIT_CONVERSION = YES;
				GCC_WARN_ABOUT_RETURN_TYPE = YES_ERROR;
				GCC_WARN_UNDECLARED_SELECTOR = YES;
				GCC_WARN_UNINITIALIZED_AUTOS = YES_AGGRESSIVE;
				GCC_WARN_UNUSED_FUNCTION = YES;
				GCC_WARN_UNUSED_VARIABLE = YES;
				IPHONEOS_DEPLOYMENT_TARGET = 16.4;
				MTL_ENABLE_DEBUG_INFO = INCLUDE_SOURCE;
				MTL_FAST_MATH = YES;
				ONLY_ACTIVE_ARCH = YES;
				SDKROOT = iphoneos;
				SWIFT_ACTIVE_COMPILATION_CONDITIONS = DEBUG;
				SWIFT_OPTIMIZATION_LEVEL = "-Onone";
			};
			name = Debug;
		};
		C196C5FF2A5FD42200EBDAF0 /* Release */ = {
			isa = XCBuildConfiguration;
			buildSettings = {
				ALWAYS_SEARCH_USER_PATHS = NO;
				CLANG_ANALYZER_NONNULL = YES;
				CLANG_ANALYZER_NUMBER_OBJECT_CONVERSION = YES_AGGRESSIVE;
				CLANG_CXX_LANGUAGE_STANDARD = "gnu++20";
				CLANG_ENABLE_MODULES = YES;
				CLANG_ENABLE_OBJC_ARC = YES;
				CLANG_ENABLE_OBJC_WEAK = YES;
				CLANG_WARN_BLOCK_CAPTURE_AUTORELEASING = YES;
				CLANG_WARN_BOOL_CONVERSION = YES;
				CLANG_WARN_COMMA = YES;
				CLANG_WARN_CONSTANT_CONVERSION = YES;
				CLANG_WARN_DEPRECATED_OBJC_IMPLEMENTATIONS = YES;
				CLANG_WARN_DIRECT_OBJC_ISA_USAGE = YES_ERROR;
				CLANG_WARN_DOCUMENTATION_COMMENTS = YES;
				CLANG_WARN_EMPTY_BODY = YES;
				CLANG_WARN_ENUM_CONVERSION = YES;
				CLANG_WARN_INFINITE_RECURSION = YES;
				CLANG_WARN_INT_CONVERSION = YES;
				CLANG_WARN_NON_LITERAL_NULL_CONVERSION = YES;
				CLANG_WARN_OBJC_IMPLICIT_RETAIN_SELF = YES;
				CLANG_WARN_OBJC_LITERAL_CONVERSION = YES;
				CLANG_WARN_OBJC_ROOT_CLASS = YES_ERROR;
				CLANG_WARN_QUOTED_INCLUDE_IN_FRAMEWORK_HEADER = YES;
				CLANG_WARN_RANGE_LOOP_ANALYSIS = YES;
				CLANG_WARN_STRICT_PROTOTYPES = YES;
				CLANG_WARN_SUSPICIOUS_MOVE = YES;
				CLANG_WARN_UNGUARDED_AVAILABILITY = YES_AGGRESSIVE;
				CLANG_WARN_UNREACHABLE_CODE = YES;
				CLANG_WARN__DUPLICATE_METHOD_MATCH = YES;
				COPY_PHASE_STRIP = NO;
				DEBUG_INFORMATION_FORMAT = "dwarf-with-dsym";
				ENABLE_NS_ASSERTIONS = NO;
				ENABLE_STRICT_OBJC_MSGSEND = YES;
				GCC_C_LANGUAGE_STANDARD = gnu11;
				GCC_NO_COMMON_BLOCKS = YES;
				GCC_WARN_64_TO_32_BIT_CONVERSION = YES;
				GCC_WARN_ABOUT_RETURN_TYPE = YES_ERROR;
				GCC_WARN_UNDECLARED_SELECTOR = YES;
				GCC_WARN_UNINITIALIZED_AUTOS = YES_AGGRESSIVE;
				GCC_WARN_UNUSED_FUNCTION = YES;
				GCC_WARN_UNUSED_VARIABLE = YES;
				IPHONEOS_DEPLOYMENT_TARGET = 16.4;
				MTL_ENABLE_DEBUG_INFO = NO;
				MTL_FAST_MATH = YES;
				SDKROOT = iphoneos;
				SWIFT_COMPILATION_MODE = wholemodule;
				SWIFT_OPTIMIZATION_LEVEL = "-O";
				VALIDATE_PRODUCT = YES;
			};
			name = Release;
		};
		C196C6012A5FD42200EBDAF0 /* Debug */ = {
			isa = XCBuildConfiguration;
			buildSettings = {
				ASSETCATALOG_COMPILER_APPICON_NAME = AppIcon;
				ASSETCATALOG_COMPILER_GLOBAL_ACCENT_COLOR_NAME = AccentColor;
				CODE_SIGN_STYLE = Automatic;
				CURRENT_PROJECT_VERSION = 1;
				DEVELOPMENT_ASSET_PATHS = "\"Test/Preview Content\"";
				DEVELOPMENT_TEAM = QR949C4JDR;
				ENABLE_PREVIEWS = YES;
				GENERATE_INFOPLIST_FILE = YES;
				INFOPLIST_KEY_UIApplicationSceneManifest_Generation = YES;
				INFOPLIST_KEY_UIApplicationSupportsIndirectInputEvents = YES;
				INFOPLIST_KEY_UILaunchScreen_Generation = YES;
				INFOPLIST_KEY_UISupportedInterfaceOrientations_iPad = "UIInterfaceOrientationPortrait UIInterfaceOrientationPortraitUpsideDown UIInterfaceOrientationLandscapeLeft UIInterfaceOrientationLandscapeRight";
				INFOPLIST_KEY_UISupportedInterfaceOrientations_iPhone = "UIInterfaceOrientationPortrait UIInterfaceOrientationLandscapeLeft UIInterfaceOrientationLandscapeRight";
				LD_RUNPATH_SEARCH_PATHS = (
					"$(inherited)",
					"@executable_path/Frameworks",
				);
				MARKETING_VERSION = 1.0;
				PRODUCT_BUNDLE_IDENTIFIER = nayun.kim.Test;
				PRODUCT_NAME = "$(TARGET_NAME)";
				SWIFT_EMIT_LOC_STRINGS = YES;
				SWIFT_VERSION = 5.0;
				TARGETED_DEVICE_FAMILY = "1,2";
			};
			name = Debug;
		};
		C196C6022A5FD42200EBDAF0 /* Release */ = {
			isa = XCBuildConfiguration;
			buildSettings = {
				ASSETCATALOG_COMPILER_APPICON_NAME = AppIcon;
				ASSETCATALOG_COMPILER_GLOBAL_ACCENT_COLOR_NAME = AccentColor;
				CODE_SIGN_STYLE = Automatic;
				CURRENT_PROJECT_VERSION = 1;
				DEVELOPMENT_ASSET_PATHS = "\"Test/Preview Content\"";
				DEVELOPMENT_TEAM = QR949C4JDR;
				ENABLE_PREVIEWS = YES;
				GENERATE_INFOPLIST_FILE = YES;
				INFOPLIST_KEY_UIApplicationSceneManifest_Generation = YES;
				INFOPLIST_KEY_UIApplicationSupportsIndirectInputEvents = YES;
				INFOPLIST_KEY_UILaunchScreen_Generation = YES;
				INFOPLIST_KEY_UISupportedInterfaceOrientations_iPad = "UIInterfaceOrientationPortrait UIInterfaceOrientationPortraitUpsideDown UIInterfaceOrientationLandscapeLeft UIInterfaceOrientationLandscapeRight";
				INFOPLIST_KEY_UISupportedInterfaceOrientations_iPhone = "UIInterfaceOrientationPortrait UIInterfaceOrientationLandscapeLeft UIInterfaceOrientationLandscapeRight";
				LD_RUNPATH_SEARCH_PATHS = (
					"$(inherited)",
					"@executable_path/Frameworks",
				);
				MARKETING_VERSION = 1.0;
				PRODUCT_BUNDLE_IDENTIFIER = nayun.kim.Test;
				PRODUCT_NAME = "$(TARGET_NAME)";
				SWIFT_EMIT_LOC_STRINGS = YES;
				SWIFT_VERSION = 5.0;
				TARGETED_DEVICE_FAMILY = "1,2";
			};
			name = Release;
		};
		C196C6042A5FD42200EBDAF0 /* Debug */ = {
			isa = XCBuildConfiguration;
			buildSettings = {
				ALWAYS_EMBED_SWIFT_STANDARD_LIBRARIES = YES;
				BUNDLE_LOADER = "$(TEST_HOST)";
				CODE_SIGN_STYLE = Automatic;
				CURRENT_PROJECT_VERSION = 1;
				DEVELOPMENT_TEAM = QR949C4JDR;
				GENERATE_INFOPLIST_FILE = YES;
				IPHONEOS_DEPLOYMENT_TARGET = 16.4;
				MARKETING_VERSION = 1.0;
				PRODUCT_BUNDLE_IDENTIFIER = nayun.kim.TestTests;
				PRODUCT_NAME = "$(TARGET_NAME)";
				SWIFT_EMIT_LOC_STRINGS = NO;
				SWIFT_VERSION = 5.0;
				TARGETED_DEVICE_FAMILY = "1,2";
				TEST_HOST = "$(BUILT_PRODUCTS_DIR)/Test.app/$(BUNDLE_EXECUTABLE_FOLDER_PATH)/Test";
			};
			name = Debug;
		};
		C196C6052A5FD42200EBDAF0 /* Release */ = {
			isa = XCBuildConfiguration;
			buildSettings = {
				ALWAYS_EMBED_SWIFT_STANDARD_LIBRARIES = YES;
				BUNDLE_LOADER = "$(TEST_HOST)";
				CODE_SIGN_STYLE = Automatic;
				CURRENT_PROJECT_VERSION = 1;
				DEVELOPMENT_TEAM = QR949C4JDR;
				GENERATE_INFOPLIST_FILE = YES;
				IPHONEOS_DEPLOYMENT_TARGET = 16.4;
				MARKETING_VERSION = 1.0;
				PRODUCT_BUNDLE_IDENTIFIER = nayun.kim.TestTests;
				PRODUCT_NAME = "$(TARGET_NAME)";
				SWIFT_EMIT_LOC_STRINGS = NO;
				SWIFT_VERSION = 5.0;
				TARGETED_DEVICE_FAMILY = "1,2";
				TEST_HOST = "$(BUILT_PRODUCTS_DIR)/Test.app/$(BUNDLE_EXECUTABLE_FOLDER_PATH)/Test";
			};
			name = Release;
		};
		C196C6072A5FD42200EBDAF0 /* Debug */ = {
			isa = XCBuildConfiguration;
			buildSettings = {
				ALWAYS_EMBED_SWIFT_STANDARD_LIBRARIES = YES;
				CODE_SIGN_STYLE = Automatic;
				CURRENT_PROJECT_VERSION = 1;
				DEVELOPMENT_TEAM = QR949C4JDR;
				GENERATE_INFOPLIST_FILE = YES;
				MARKETING_VERSION = 1.0;
				PRODUCT_BUNDLE_IDENTIFIER = nayun.kim.TestUITests;
				PRODUCT_NAME = "$(TARGET_NAME)";
				SWIFT_EMIT_LOC_STRINGS = NO;
				SWIFT_VERSION = 5.0;
				TARGETED_DEVICE_FAMILY = "1,2";
				TEST_TARGET_NAME = Test;
			};
			name = Debug;
		};
		C196C6082A5FD42200EBDAF0 /* Release */ = {
			isa = XCBuildConfiguration;
			buildSettings = {
				ALWAYS_EMBED_SWIFT_STANDARD_LIBRARIES = YES;
				CODE_SIGN_STYLE = Automatic;
				CURRENT_PROJECT_VERSION = 1;
				DEVELOPMENT_TEAM = QR949C4JDR;
				GENERATE_INFOPLIST_FILE = YES;
				MARKETING_VERSION = 1.0;
				PRODUCT_BUNDLE_IDENTIFIER = nayun.kim.TestUITests;
				PRODUCT_NAME = "$(TARGET_NAME)";
				SWIFT_EMIT_LOC_STRINGS = NO;
				SWIFT_VERSION = 5.0;
				TARGETED_DEVICE_FAMILY = "1,2";
				TEST_TARGET_NAME = Test;
			};
			name = Release;
		};
/* End XCBuildConfiguration section */

/* Begin XCConfigurationList section */
		C196C5D72A5FD42000EBDAF0 /* Build configuration list for PBXProject "MC3-Nyla" */ = {
			isa = XCConfigurationList;
			buildConfigurations = (
				C196C5FE2A5FD42200EBDAF0 /* Debug */,
				C196C5FF2A5FD42200EBDAF0 /* Release */,
			);
			defaultConfigurationIsVisible = 0;
			defaultConfigurationName = Release;
		};
		C196C6002A5FD42200EBDAF0 /* Build configuration list for PBXNativeTarget "Test" */ = {
			isa = XCConfigurationList;
			buildConfigurations = (
				C196C6012A5FD42200EBDAF0 /* Debug */,
				C196C6022A5FD42200EBDAF0 /* Release */,
			);
			defaultConfigurationIsVisible = 0;
			defaultConfigurationName = Release;
		};
		C196C6032A5FD42200EBDAF0 /* Build configuration list for PBXNativeTarget "TestTests" */ = {
			isa = XCConfigurationList;
			buildConfigurations = (
				C196C6042A5FD42200EBDAF0 /* Debug */,
				C196C6052A5FD42200EBDAF0 /* Release */,
			);
			defaultConfigurationIsVisible = 0;
			defaultConfigurationName = Release;
		};
		C196C6062A5FD42200EBDAF0 /* Build configuration list for PBXNativeTarget "TestUITests" */ = {
			isa = XCConfigurationList;
			buildConfigurations = (
				C196C6072A5FD42200EBDAF0 /* Debug */,
				C196C6082A5FD42200EBDAF0 /* Release */,
			);
			defaultConfigurationIsVisible = 0;
			defaultConfigurationName = Release;
		};
/* End XCConfigurationList section */
	};
	rootObject = C196C5D42A5FD42000EBDAF0 /* Project object */;
}
